
Microsoft Visual Studio Solution File, Format Version 12.00
# Visual Studio Version 17
VisualStudioVersion = 17.0.31903.59
MinimumVisualStudioVersion = 10.0.40219.1
Project("{FAE04EC0-301F-11D3-BF4B-00C04F79EFBC}") = "EspCid.WebApi", "EspCid.WebApi\EspCid.WebApi.csproj", "{C38D806D-350A-4DDB-B21E-C57F561B482D}"
EndProject
Project("{FAE04EC0-301F-11D3-BF4B-00C04F79EFBC}") = "EspCid.Infrastructure", "EspCid.Infrastructure\EspCid.Infrastructure.csproj", "{DDF74978-4E7B-4E98-8899-98BE3A13096C}"
EndProject
Project("{FAE04EC0-301F-11D3-BF4B-00C04F79EFBC}") = "EspCid.Domain", "EspCid.Domain\EspCid.Domain.csproj", "{8F57D051-00E7-4B09-89FB-24E9D752E694}"
EndProject
Project("{FAE04EC0-301F-11D3-BF4B-00C04F79EFBC}") = "EspCid.Application", "EspCid.Application\EspCid.Application.csproj", "{6A07857C-67C3-4DE6-93B7-4CD71E602B45}"
EndProject
Global
	GlobalSection(SolutionConfigurationPlatforms) = preSolution
		Debug|Any CPU = Debug|Any CPU
		Release|Any CPU = Release|Any CPU
	EndGlobalSection
	GlobalSection(SolutionProperties) = preSolution
		HideSolutionNode = FALSE
	EndGlobalSection
	GlobalSection(ProjectConfigurationPlatforms) = postSolution
		{C38D806D-350A-4DDB-B21E-C57F561B482D}.Debug|Any CPU.ActiveCfg = Debug|Any CPU
		{C38D806D-350A-4DDB-B21E-C57F561B482D}.Debug|Any CPU.Build.0 = Debug|Any CPU
		{C38D806D-350A-4DDB-B21E-C57F561B482D}.Release|Any CPU.ActiveCfg = Release|Any CPU
		{C38D806D-350A-4DDB-B21E-C57F561B482D}.Release|Any CPU.Build.0 = Release|Any CPU
		{DDF74978-4E7B-4E98-8899-98BE3A13096C}.Debug|Any CPU.ActiveCfg = Debug|Any CPU
		{DDF74978-4E7B-4E98-8899-98BE3A13096C}.Debug|Any CPU.Build.0 = Debug|Any CPU
		{DDF74978-4E7B-4E98-8899-98BE3A13096C}.Release|Any CPU.ActiveCfg = Release|Any CPU
		{DDF74978-4E7B-4E98-8899-98BE3A13096C}.Release|Any CPU.Build.0 = Release|Any CPU
		{8F57D051-00E7-4B09-89FB-24E9D752E694}.Debug|Any CPU.ActiveCfg = Debug|Any CPU
		{8F57D051-00E7-4B09-89FB-24E9D752E694}.Debug|Any CPU.Build.0 = Debug|Any CPU
		{8F57D051-00E7-4B09-89FB-24E9D752E694}.Release|Any CPU.ActiveCfg = Release|Any CPU
		{8F57D051-00E7-4B09-89FB-24E9D752E694}.Release|Any CPU.Build.0 = Release|Any CPU
		{6A07857C-67C3-4DE6-93B7-4CD71E602B45}.Debug|Any CPU.ActiveCfg = Debug|Any CPU
		{6A07857C-67C3-4DE6-93B7-4CD71E602B45}.Debug|Any CPU.Build.0 = Debug|Any CPU
		{6A07857C-67C3-4DE6-93B7-4CD71E602B45}.Release|Any CPU.ActiveCfg = Release|Any CPU
		{6A07857C-67C3-4DE6-93B7-4CD71E602B45}.Release|Any CPU.Build.0 = Release|Any CPU
	EndGlobalSection
EndGlobal
